// !$*UTF8*$!
{
	archiveVersion = 1;
	classes = {
	};
	objectVersion = 46;
	objects = {

/* Begin PBXBuildFile section */
		D80989661C85C66B00122857 /* String+Additions.swift in Sources */ = {isa = PBXBuildFile; fileRef = D80989651C85C66B00122857 /* String+Additions.swift */; };
		D809C4D91CE8C7C9009F98D5 /* ExportGenerator.swift in Sources */ = {isa = PBXBuildFile; fileRef = D809C4D81CE8C7C9009F98D5 /* ExportGenerator.swift */; };
		D80A61D61C9040C000A2F885 /* SelectDocumentType.swift in Sources */ = {isa = PBXBuildFile; fileRef = D80A61D41C9040C000A2F885 /* SelectDocumentType.swift */; };
		D80A61D71C9040C000A2F885 /* SelectDocumentType.xib in Resources */ = {isa = PBXBuildFile; fileRef = D80A61D51C9040C000A2F885 /* SelectDocumentType.xib */; };
		D80D8C1A1B80A167001E7746 /* Envelope.swift in Sources */ = {isa = PBXBuildFile; fileRef = D80D8C191B80A167001E7746 /* Envelope.swift */; };
		D81D19B420C8C56E002B77F6 /* MidiNoteFormatter_Test.swift in Sources */ = {isa = PBXBuildFile; fileRef = D81D19B320C8C56E002B77F6 /* MidiNoteFormatter_Test.swift */; };
		D81D19B520C8C705002B77F6 /* MidiNoteFormatter.swift in Sources */ = {isa = PBXBuildFile; fileRef = D866A28720C8BDE30010C481 /* MidiNoteFormatter.swift */; };
		D81EB27721204A21001B53C6 /* PianoKeyboardControl.swift in Sources */ = {isa = PBXBuildFile; fileRef = D81EB27621204A20001B53C6 /* PianoKeyboardControl.swift */; };
		D8257B241CE72F2B008198E7 /* PrimesSequence.swift in Sources */ = {isa = PBXBuildFile; fileRef = D885A12F1CE60B7300A3B996 /* PrimesSequence.swift */; };
		D8299E231FDE946400CB9DF7 /* ExportWindowController.xib in Resources */ = {isa = PBXBuildFile; fileRef = D8299E211FDE946400CB9DF7 /* ExportWindowController.xib */; };
		D8299E241FDE946400CB9DF7 /* ExportWindowController.swift in Sources */ = {isa = PBXBuildFile; fileRef = D8299E221FDE946400CB9DF7 /* ExportWindowController.swift */; };
		D82FD0E41E9506DE009A6EF8 /* EqualTemperamentInterval.swift in Sources */ = {isa = PBXBuildFile; fileRef = D82FD0E31E9506DE009A6EF8 /* EqualTemperamentInterval.swift */; };
		D83092C11AEBBC6F00B0E6A7 /* DisclosureView.swift in Sources */ = {isa = PBXBuildFile; fileRef = D83092C01AEBBC6F00B0E6A7 /* DisclosureView.swift */; };
		D831054E1B0A6115000EB805 /* HarmonicsDescription.swift in Sources */ = {isa = PBXBuildFile; fileRef = D831054D1B0A6115000EB805 /* HarmonicsDescription.swift */; };
		D83B54B11C8D96C500624A46 /* MIDIToHarmonicRatio.swift in Sources */ = {isa = PBXBuildFile; fileRef = D83B54B01C8D96C500624A46 /* MIDIToHarmonicRatio.swift */; };
		D83C4A2C1C8863A00090F939 /* IntervalsData.swift in Sources */ = {isa = PBXBuildFile; fileRef = D83C4A2B1C8863A00090F939 /* IntervalsData.swift */; };
		D849E7311ACADFD1006E0964 /* PrimeProducts.swift in Sources */ = {isa = PBXBuildFile; fileRef = D849E7301ACADFD1006E0964 /* PrimeProducts.swift */; };
		D84CE1E21C95960E00E19505 /* AdHocIntervalsData.swift in Sources */ = {isa = PBXBuildFile; fileRef = D84CE1E11C95960E00E19505 /* AdHocIntervalsData.swift */; };
		D84CE1E41C95967700E19505 /* IntervalsDataGenerator.swift in Sources */ = {isa = PBXBuildFile; fileRef = D84CE1E31C95967700E19505 /* IntervalsDataGenerator.swift */; };
		D8571C801CA56D2B008A5A46 /* LimitsGeneratorViewController.swift in Sources */ = {isa = PBXBuildFile; fileRef = D8571C7E1CA56D2B008A5A46 /* LimitsGeneratorViewController.swift */; };
		D8571C811CA56D2B008A5A46 /* LimitsGeneratorViewController.xib in Resources */ = {isa = PBXBuildFile; fileRef = D8571C7F1CA56D2B008A5A46 /* LimitsGeneratorViewController.xib */; };
		D85916C31C8C04D0001C5330 /* MIDIReceiver.swift in Sources */ = {isa = PBXBuildFile; fileRef = D85916C21C8C04D0001C5330 /* MIDIReceiver.swift */; };
		D85ABE7F1C3FD06800F2DFAF /* ChordOrScaleSelectorViewController.swift in Sources */ = {isa = PBXBuildFile; fileRef = D85ABE7D1C3FD06800F2DFAF /* ChordOrScaleSelectorViewController.swift */; };
		D85C0F671C8848F400FE36FA /* MainWindowController.swift in Sources */ = {isa = PBXBuildFile; fileRef = D85C0F661C8848F400FE36FA /* MainWindowController.swift */; };
		D8646B281C3D23F500D8C429 /* ChordSelectorItem.swift in Sources */ = {isa = PBXBuildFile; fileRef = D8646B271C3D23F500D8C429 /* ChordSelectorItem.swift */; };
		D8646B2D1C3D4C5A00D8C429 /* ChordPreviewViewController.swift in Sources */ = {isa = PBXBuildFile; fileRef = D8646B2B1C3D4C5A00D8C429 /* ChordPreviewViewController.swift */; };
		D8646B2E1C3D4C5A00D8C429 /* ChordPreviewViewController.xib in Resources */ = {isa = PBXBuildFile; fileRef = D8646B2C1C3D4C5A00D8C429 /* ChordPreviewViewController.xib */; };
		D866A28820C8BDE30010C481 /* MidiNoteFormatter.swift in Sources */ = {isa = PBXBuildFile; fileRef = D866A28720C8BDE30010C481 /* MidiNoteFormatter.swift */; };
		D867548120CA39DF00CE2D0F /* UInt+Additions_Test.swift in Sources */ = {isa = PBXBuildFile; fileRef = D867548020CA39DF00CE2D0F /* UInt+Additions_Test.swift */; };
		D867548220CA3B9200CE2D0F /* IntegerType+Additions.swift in Sources */ = {isa = PBXBuildFile; fileRef = D88A620F1ACF7F19004CD4C9 /* IntegerType+Additions.swift */; };
		D867548320CA3BCC00CE2D0F /* PrimesSequence.swift in Sources */ = {isa = PBXBuildFile; fileRef = D885A12F1CE60B7300A3B996 /* PrimesSequence.swift */; };
		D8681A531F97612D001CA24E /* AboutPanelWindowController.swift in Sources */ = {isa = PBXBuildFile; fileRef = D8681A511F97612D001CA24E /* AboutPanelWindowController.swift */; };
		D8681A541F97612D001CA24E /* AboutPanelWindowController.xib in Resources */ = {isa = PBXBuildFile; fileRef = D8681A521F97612D001CA24E /* AboutPanelWindowController.xib */; };
		D8720B641C9E7D6B00ED9FBB /* StackedIntervalsIntervalsData.swift in Sources */ = {isa = PBXBuildFile; fileRef = D8720B631C9E7D6B00ED9FBB /* StackedIntervalsIntervalsData.swift */; };
		D8720B681C9E8B2D00ED9FBB /* StackedIntervalSet.swift in Sources */ = {isa = PBXBuildFile; fileRef = D8720B671C9E8B2D00ED9FBB /* StackedIntervalSet.swift */; };
		D87356E71ADA0793006DAFEB /* ChordSelectorWindowController.swift in Sources */ = {isa = PBXBuildFile; fileRef = D87356E51ADA0793006DAFEB /* ChordSelectorWindowController.swift */; };
		D87356E81ADA0793006DAFEB /* ChordSelectorWindowController.xib in Resources */ = {isa = PBXBuildFile; fileRef = D87356E61ADA0793006DAFEB /* ChordSelectorWindowController.xib */; };
		D87651B41ADFCB7D003C4BF2 /* ApplicationDelegate.swift in Sources */ = {isa = PBXBuildFile; fileRef = D87651B31ADFCB7D003C4BF2 /* ApplicationDelegate.swift */; };
		D87C278A1AF3A95900C2BF7B /* PresetChordsAndScales.plist in Resources */ = {isa = PBXBuildFile; fileRef = D87C27891AF3A95900C2BF7B /* PresetChordsAndScales.plist */; };
		D8812AD01C9ECE3D0093786D /* IntervalSet.swift in Sources */ = {isa = PBXBuildFile; fileRef = D8812ACF1C9ECE3D0093786D /* IntervalSet.swift */; };
		D8832F8619A0C86B0095B26F /* WaveView.swift in Sources */ = {isa = PBXBuildFile; fileRef = D8832F8519A0C86B0095B26F /* WaveView.swift */; };
		D8896A5A2019E24700664260 /* HarmonicSeriesGeneratorViewController.swift in Sources */ = {isa = PBXBuildFile; fileRef = D8896A582019E24600664260 /* HarmonicSeriesGeneratorViewController.swift */; };
		D8896A5B2019E24700664260 /* HarmonicSeriesGeneratorViewController.xib in Resources */ = {isa = PBXBuildFile; fileRef = D8896A592019E24700664260 /* HarmonicSeriesGeneratorViewController.xib */; };
		D8896A5D2019E2D100664260 /* HarmonicSeriesIntervalsData.swift in Sources */ = {isa = PBXBuildFile; fileRef = D8896A5C2019E2D100664260 /* HarmonicSeriesIntervalsData.swift */; };
		D88A62101ACF7F19004CD4C9 /* IntegerType+Additions.swift in Sources */ = {isa = PBXBuildFile; fileRef = D88A620F1ACF7F19004CD4C9 /* IntegerType+Additions.swift */; };
		D88A62111AD02167004CD4C9 /* Scale.swift in Sources */ = {isa = PBXBuildFile; fileRef = D8901EBC1ABC226D00A4E071 /* Scale.swift */; };
		D88EED2D1AEE5AF50084BDCB /* Float+Additions.swift in Sources */ = {isa = PBXBuildFile; fileRef = D88EED2C1AEE5AF50084BDCB /* Float+Additions.swift */; };
		D89074D81AD5486600FD8A1E /* ResultView.swift in Sources */ = {isa = PBXBuildFile; fileRef = D89074D71AD5486600FD8A1E /* ResultView.swift */; };
		D893174820C60C84006DECB7 /* colors.xcassets in Resources */ = {isa = PBXBuildFile; fileRef = D893174720C60C84006DECB7 /* colors.xcassets */; };
		D893993E1CA3E57F00C9CAA6 /* GeneratorViewController.swift in Sources */ = {isa = PBXBuildFile; fileRef = D893993D1CA3E57F00C9CAA6 /* GeneratorViewController.swift */; };
		D89399411CA3F31C00C9CAA6 /* StackedIntervalsGeneratorViewController.swift in Sources */ = {isa = PBXBuildFile; fileRef = D893993F1CA3F31C00C9CAA6 /* StackedIntervalsGeneratorViewController.swift */; };
		D89399421CA3F31C00C9CAA6 /* StackedIntervalsGeneratorViewController.xib in Resources */ = {isa = PBXBuildFile; fileRef = D89399401CA3F31C00C9CAA6 /* StackedIntervalsGeneratorViewController.xib */; };
		D89399451CA3F37000C9CAA6 /* AdHokGeneratorViewController.swift in Sources */ = {isa = PBXBuildFile; fileRef = D89399431CA3F37000C9CAA6 /* AdHokGeneratorViewController.swift */; };
		D89399461CA3F37000C9CAA6 /* AdHokGeneratorViewController.xib in Resources */ = {isa = PBXBuildFile; fileRef = D89399441CA3F37000C9CAA6 /* AdHokGeneratorViewController.xib */; };
		D8944B381E7FD1E7001A71FE /* RationalInterval.swift in Sources */ = {isa = PBXBuildFile; fileRef = D8944B361E7FD1E7001A71FE /* RationalInterval.swift */; };
		D8944B3A1E7FD208001A71FE /* IrrationalInterval.swift in Sources */ = {isa = PBXBuildFile; fileRef = D8944B391E7FD208001A71FE /* IrrationalInterval.swift */; };
		D895436A1996345200A091A4 /* Images.xcassets in Resources */ = {isa = PBXBuildFile; fileRef = D89543691996345200A091A4 /* Images.xcassets */; };
		D895436D1996345200A091A4 /* MainMenu.xib in Resources */ = {isa = PBXBuildFile; fileRef = D895436B1996345200A091A4 /* MainMenu.xib */; };
		D89543791996345200A091A4 /* Equal_TemperamentTests.swift in Sources */ = {isa = PBXBuildFile; fileRef = D89543781996345200A091A4 /* Equal_TemperamentTests.swift */; };
		D89543861996347F00A091A4 /* IntervalEntry.swift in Sources */ = {isa = PBXBuildFile; fileRef = D89543831996347F00A091A4 /* IntervalEntry.swift */; };
		D895438A1996354100A091A4 /* MainWindowController.xib in Resources */ = {isa = PBXBuildFile; fileRef = D89543881996354100A091A4 /* MainWindowController.xib */; };
		D895438B1996363700A091A4 /* Document.swift in Sources */ = {isa = PBXBuildFile; fileRef = D89543821996347F00A091A4 /* Document.swift */; };
		D89768F01CABF7BC007D30BA /* PresetIntervalsData.swift in Sources */ = {isa = PBXBuildFile; fileRef = D89768EF1CABF7BC007D30BA /* PresetIntervalsData.swift */; };
		D89A673B1E9507B100EC693C /* Interval.swift in Sources */ = {isa = PBXBuildFile; fileRef = D89A673A1E9507B100EC693C /* Interval.swift */; };
		D89E97A520C78A1B00E6B32D /* ColorInterpolator.swift in Sources */ = {isa = PBXBuildFile; fileRef = D89E97A420C78A1B00E6B32D /* ColorInterpolator.swift */; };
		D89E97A920C83C8300E6B32D /* ColorInterpolator_Test.swift in Sources */ = {isa = PBXBuildFile; fileRef = D89E97A820C83C8300E6B32D /* ColorInterpolator_Test.swift */; };
		D89E97AA20C83D7500E6B32D /* ColorInterpolator.swift in Sources */ = {isa = PBXBuildFile; fileRef = D89E97A420C78A1B00E6B32D /* ColorInterpolator.swift */; };
		D8AA4E311C131EAA00B66521 /* ViewControllerPlaceHolderView.swift in Sources */ = {isa = PBXBuildFile; fileRef = D8AA4E301C131EAA00B66521 /* ViewControllerPlaceHolderView.swift */; };
		D8AA4E3D1C132A8A00B66521 /* ScaleViewController.swift in Sources */ = {isa = PBXBuildFile; fileRef = D8AA4E3A1C132A8A00B66521 /* ScaleViewController.swift */; };
		D8AA4E3E1C132A8A00B66521 /* ScaleViewController.xib in Resources */ = {isa = PBXBuildFile; fileRef = D8AA4E3B1C132A8A00B66521 /* ScaleViewController.xib */; };
		D8AA4E411C132ADD00B66521 /* HarmonicViewController.swift in Sources */ = {isa = PBXBuildFile; fileRef = D8AA4E3F1C132ADD00B66521 /* HarmonicViewController.swift */; };
		D8AA4E421C132ADD00B66521 /* HarmonicViewController.xib in Resources */ = {isa = PBXBuildFile; fileRef = D8AA4E401C132ADD00B66521 /* HarmonicViewController.xib */; };
		D8AA4E451C13318300B66521 /* WaveViewController.swift in Sources */ = {isa = PBXBuildFile; fileRef = D8AA4E431C13318300B66521 /* WaveViewController.swift */; };
		D8AA4E461C13318300B66521 /* WaveViewController.xib in Resources */ = {isa = PBXBuildFile; fileRef = D8AA4E441C13318300B66521 /* WaveViewController.xib */; };
		D8AA4E491C1337B500B66521 /* SpectrumViewController.swift in Sources */ = {isa = PBXBuildFile; fileRef = D8AA4E471C1337B500B66521 /* SpectrumViewController.swift */; };
		D8AA4E4A1C1337B500B66521 /* SpectrumViewController.xib in Resources */ = {isa = PBXBuildFile; fileRef = D8AA4E481C1337B500B66521 /* SpectrumViewController.xib */; };
		D8AFAD301CA58F370008ABFE /* PresetGeneratorViewController.swift in Sources */ = {isa = PBXBuildFile; fileRef = D8AFAD2E1CA58F370008ABFE /* PresetGeneratorViewController.swift */; };
		D8AFAD311CA58F370008ABFE /* PresetGeneratorViewController.xib in Resources */ = {isa = PBXBuildFile; fileRef = D8AFAD2F1CA58F370008ABFE /* PresetGeneratorViewController.xib */; };
		D8B0EA1520F5ABDA007656A7 /* Rational.swift in Sources */ = {isa = PBXBuildFile; fileRef = D8B0EA1320F5ABDA007656A7 /* Rational.swift */; };
		D8B0EA1620F5ABDA007656A7 /* RationalNumeric.swift in Sources */ = {isa = PBXBuildFile; fileRef = D8B0EA1420F5ABDA007656A7 /* RationalNumeric.swift */; };
		D8B0EA1720F5AC08007656A7 /* Rational.swift in Sources */ = {isa = PBXBuildFile; fileRef = D8B0EA1320F5ABDA007656A7 /* Rational.swift */; };
		D8B0EA1820F5AC0A007656A7 /* RationalNumeric.swift in Sources */ = {isa = PBXBuildFile; fileRef = D8B0EA1420F5ABDA007656A7 /* RationalNumeric.swift */; };
		D8B14D291B29C68300C971D8 /* Tone.swift in Sources */ = {isa = PBXBuildFile; fileRef = D8B14D281B29C68300C971D8 /* Tone.swift */; };
		D8B204E81E97D09600686E16 /* SelectingTextField.swift in Sources */ = {isa = PBXBuildFile; fileRef = D8B204E71E97D09600686E16 /* SelectingTextField.swift */; };
		D8B5E23F1B0386F200F20584 /* InitialUserDefaults.plist in Resources */ = {isa = PBXBuildFile; fileRef = D8B5E23E1B0386F200F20584 /* InitialUserDefaults.plist */; };
		D8B9020E1AD491E30015B5E2 /* PreferencesWindowController.swift in Sources */ = {isa = PBXBuildFile; fileRef = D8B9020C1AD491E30015B5E2 /* PreferencesWindowController.swift */; };
		D8B9020F1AD491E30015B5E2 /* PreferencesWindowController.xib in Resources */ = {isa = PBXBuildFile; fileRef = D8B9020D1AD491E30015B5E2 /* PreferencesWindowController.xib */; };
		D8C343C81AE109E200F5494A /* SpectrumView.swift in Sources */ = {isa = PBXBuildFile; fileRef = D8C343C71AE109E200F5494A /* SpectrumView.swift */; };
		D8C9B68520D51FB600B6100F /* IntervalTextView.swift in Sources */ = {isa = PBXBuildFile; fileRef = D8C9B68420D51FB600B6100F /* IntervalTextView.swift */; };
		D8C9B68620D6741F00B6100F /* ResultViewController.swift in Sources */ = {isa = PBXBuildFile; fileRef = D8AA4E391C132A8A00B66521 /* ResultViewController.swift */; };
		D8D03A7D21009BCB00E753EE /* UnsignedInteger_Arithmetic.swift in Sources */ = {isa = PBXBuildFile; fileRef = D8D03A7C21009BCB00E753EE /* UnsignedInteger_Arithmetic.swift */; };
		D8D03A7E21009BCB00E753EE /* UnsignedInteger_Arithmetic.swift in Sources */ = {isa = PBXBuildFile; fileRef = D8D03A7C21009BCB00E753EE /* UnsignedInteger_Arithmetic.swift */; };
		D8D932A420EE29B7009ED565 /* Rational_Test.swift in Sources */ = {isa = PBXBuildFile; fileRef = D8D932A320EE29B7009ED565 /* Rational_Test.swift */; };
		D8D932AA20F0C58E009ED565 /* Float+Additions.swift in Sources */ = {isa = PBXBuildFile; fileRef = D88EED2C1AEE5AF50084BDCB /* Float+Additions.swift */; };
		D8E10CB41CA66D130030D8E6 /* EqualTemperamentGeneratorViewController.swift in Sources */ = {isa = PBXBuildFile; fileRef = D8E10CB21CA66D130030D8E6 /* EqualTemperamentGeneratorViewController.swift */; };
		D8E10CB51CA66D130030D8E6 /* EqualTemperamentGeneratorViewController.xib in Resources */ = {isa = PBXBuildFile; fileRef = D8E10CB31CA66D130030D8E6 /* EqualTemperamentGeneratorViewController.xib */; };
		D8E10CB71CA689310030D8E6 /* EqualTemperamentIntervalsData.swift in Sources */ = {isa = PBXBuildFile; fileRef = D8E10CB61CA689310030D8E6 /* EqualTemperamentIntervalsData.swift */; };
		D8E5E6241AD12F7A004DB02D /* HarmonicView.swift in Sources */ = {isa = PBXBuildFile; fileRef = D8E5E6231AD12F7A004DB02D /* HarmonicView.swift */; };
		D8E5E6271AD130DE004DB02D /* ScaleView.swift in Sources */ = {isa = PBXBuildFile; fileRef = D8E5E6251AD130DE004DB02D /* ScaleView.swift */; };
		D8E7C7D71B1CAB99000D745B /* TonePlayer.swift in Sources */ = {isa = PBXBuildFile; fileRef = D8D912D11B197D5300BB479A /* TonePlayer.swift */; };
		D8EC9D9A2132ACD100574E5E /* PianoKeyboardPopoverViewController.swift in Sources */ = {isa = PBXBuildFile; fileRef = D8EC9D992132ACD100574E5E /* PianoKeyboardPopoverViewController.swift */; };
		D8EC9D9C2132B0A900574E5E /* PianoKeyboardPopoverViewController.xib in Resources */ = {isa = PBXBuildFile; fileRef = D8EC9D9B2132B0A900574E5E /* PianoKeyboardPopoverViewController.xib */; };
		D8ED76D11C58E59E00BB2B8C /* FindIntervalsWindowController.swift in Sources */ = {isa = PBXBuildFile; fileRef = D8ED76CF1C58E59E00BB2B8C /* FindIntervalsWindowController.swift */; };
		D8F2B1D61C93EFD800F88BF7 /* LimitsIntervalsData.swift in Sources */ = {isa = PBXBuildFile; fileRef = D8F2B1D51C93EFD800F88BF7 /* LimitsIntervalsData.swift */; };
		D8F2B6BB20E3A07D00DEB1C9 /* PrimeFactors.swift in Sources */ = {isa = PBXBuildFile; fileRef = D8F2B6BA20E3A07D00DEB1C9 /* PrimeFactors.swift */; };
		D8F2B6BD20E509B400DEB1C9 /* PrimeFactors_Test.swift in Sources */ = {isa = PBXBuildFile; fileRef = D8F2B6BC20E509B400DEB1C9 /* PrimeFactors_Test.swift */; };
		D8F2B6BE20E5141300DEB1C9 /* PrimeFactors.swift in Sources */ = {isa = PBXBuildFile; fileRef = D8F2B6BA20E3A07D00DEB1C9 /* PrimeFactors.swift */; };
/* End PBXBuildFile section */

/* Begin PBXContainerItemProxy section */
		D89543731996345200A091A4 /* PBXContainerItemProxy */ = {
			isa = PBXContainerItemProxy;
			containerPortal = D89543551996345200A091A4 /* Project object */;
			proxyType = 1;
			remoteGlobalIDString = D895435C1996345200A091A4;
			remoteInfo = "Equal Temperament";
		};
/* End PBXContainerItemProxy section */

/* Begin PBXFileReference section */
		D80989651C85C66B00122857 /* String+Additions.swift */ = {isa = PBXFileReference; fileEncoding = 4; lastKnownFileType = sourcecode.swift; path = "String+Additions.swift"; sourceTree = "<group>"; };
		D809C4D81CE8C7C9009F98D5 /* ExportGenerator.swift */ = {isa = PBXFileReference; fileEncoding = 4; lastKnownFileType = sourcecode.swift; path = ExportGenerator.swift; sourceTree = "<group>"; };
		D80A61D41C9040C000A2F885 /* SelectDocumentType.swift */ = {isa = PBXFileReference; fileEncoding = 4; lastKnownFileType = sourcecode.swift; path = SelectDocumentType.swift; sourceTree = "<group>"; };
		D80A61D51C9040C000A2F885 /* SelectDocumentType.xib */ = {isa = PBXFileReference; fileEncoding = 4; lastKnownFileType = file.xib; path = SelectDocumentType.xib; sourceTree = "<group>"; };
		D80D8C191B80A167001E7746 /* Envelope.swift */ = {isa = PBXFileReference; fileEncoding = 4; lastKnownFileType = sourcecode.swift; path = Envelope.swift; sourceTree = "<group>"; };
		D81D19B320C8C56E002B77F6 /* MidiNoteFormatter_Test.swift */ = {isa = PBXFileReference; lastKnownFileType = sourcecode.swift; path = MidiNoteFormatter_Test.swift; sourceTree = "<group>"; };
		D81EB27621204A20001B53C6 /* PianoKeyboardControl.swift */ = {isa = PBXFileReference; fileEncoding = 4; lastKnownFileType = sourcecode.swift; path = PianoKeyboardControl.swift; sourceTree = "<group>"; };
		D8299E211FDE946400CB9DF7 /* ExportWindowController.xib */ = {isa = PBXFileReference; fileEncoding = 4; lastKnownFileType = file.xib; path = ExportWindowController.xib; sourceTree = "<group>"; };
		D8299E221FDE946400CB9DF7 /* ExportWindowController.swift */ = {isa = PBXFileReference; fileEncoding = 4; lastKnownFileType = sourcecode.swift; path = ExportWindowController.swift; sourceTree = "<group>"; };
		D82FD0E31E9506DE009A6EF8 /* EqualTemperamentInterval.swift */ = {isa = PBXFileReference; fileEncoding = 4; lastKnownFileType = sourcecode.swift; path = EqualTemperamentInterval.swift; sourceTree = "<group>"; };
		D83092C01AEBBC6F00B0E6A7 /* DisclosureView.swift */ = {isa = PBXFileReference; fileEncoding = 4; lastKnownFileType = sourcecode.swift; path = DisclosureView.swift; sourceTree = "<group>"; };
		D831054D1B0A6115000EB805 /* HarmonicsDescription.swift */ = {isa = PBXFileReference; fileEncoding = 4; lastKnownFileType = sourcecode.swift; path = HarmonicsDescription.swift; sourceTree = "<group>"; };
		D83B54B01C8D96C500624A46 /* MIDIToHarmonicRatio.swift */ = {isa = PBXFileReference; fileEncoding = 4; lastKnownFileType = sourcecode.swift; path = MIDIToHarmonicRatio.swift; sourceTree = "<group>"; };
		D83C4A2B1C8863A00090F939 /* IntervalsData.swift */ = {isa = PBXFileReference; fileEncoding = 4; lastKnownFileType = sourcecode.swift; path = IntervalsData.swift; sourceTree = "<group>"; };
		D849E7301ACADFD1006E0964 /* PrimeProducts.swift */ = {isa = PBXFileReference; fileEncoding = 4; lastKnownFileType = sourcecode.swift; path = PrimeProducts.swift; sourceTree = "<group>"; };
		D84CE1E11C95960E00E19505 /* AdHocIntervalsData.swift */ = {isa = PBXFileReference; fileEncoding = 4; lastKnownFileType = sourcecode.swift; path = AdHocIntervalsData.swift; sourceTree = "<group>"; };
		D84CE1E31C95967700E19505 /* IntervalsDataGenerator.swift */ = {isa = PBXFileReference; fileEncoding = 4; lastKnownFileType = sourcecode.swift; path = IntervalsDataGenerator.swift; sourceTree = "<group>"; };
		D8571C7E1CA56D2B008A5A46 /* LimitsGeneratorViewController.swift */ = {isa = PBXFileReference; fileEncoding = 4; lastKnownFileType = sourcecode.swift; path = LimitsGeneratorViewController.swift; sourceTree = "<group>"; };
		D8571C7F1CA56D2B008A5A46 /* LimitsGeneratorViewController.xib */ = {isa = PBXFileReference; fileEncoding = 4; lastKnownFileType = file.xib; path = LimitsGeneratorViewController.xib; sourceTree = "<group>"; };
		D85916C21C8C04D0001C5330 /* MIDIReceiver.swift */ = {isa = PBXFileReference; fileEncoding = 4; lastKnownFileType = sourcecode.swift; path = MIDIReceiver.swift; sourceTree = "<group>"; };
		D85ABE7D1C3FD06800F2DFAF /* ChordOrScaleSelectorViewController.swift */ = {isa = PBXFileReference; fileEncoding = 4; lastKnownFileType = sourcecode.swift; path = ChordOrScaleSelectorViewController.swift; sourceTree = "<group>"; };
		D85C0F661C8848F400FE36FA /* MainWindowController.swift */ = {isa = PBXFileReference; fileEncoding = 4; lastKnownFileType = sourcecode.swift; path = MainWindowController.swift; sourceTree = "<group>"; };
		D8646B271C3D23F500D8C429 /* ChordSelectorItem.swift */ = {isa = PBXFileReference; fileEncoding = 4; lastKnownFileType = sourcecode.swift; path = ChordSelectorItem.swift; sourceTree = "<group>"; };
		D8646B2B1C3D4C5A00D8C429 /* ChordPreviewViewController.swift */ = {isa = PBXFileReference; fileEncoding = 4; lastKnownFileType = sourcecode.swift; path = ChordPreviewViewController.swift; sourceTree = "<group>"; };
		D8646B2C1C3D4C5A00D8C429 /* ChordPreviewViewController.xib */ = {isa = PBXFileReference; fileEncoding = 4; lastKnownFileType = file.xib; path = ChordPreviewViewController.xib; sourceTree = "<group>"; };
		D866A28720C8BDE30010C481 /* MidiNoteFormatter.swift */ = {isa = PBXFileReference; lastKnownFileType = sourcecode.swift; path = MidiNoteFormatter.swift; sourceTree = "<group>"; };
		D867548020CA39DF00CE2D0F /* UInt+Additions_Test.swift */ = {isa = PBXFileReference; lastKnownFileType = sourcecode.swift; path = "UInt+Additions_Test.swift"; sourceTree = "<group>"; };
		D8681A511F97612D001CA24E /* AboutPanelWindowController.swift */ = {isa = PBXFileReference; lastKnownFileType = sourcecode.swift; path = AboutPanelWindowController.swift; sourceTree = "<group>"; };
		D8681A521F97612D001CA24E /* AboutPanelWindowController.xib */ = {isa = PBXFileReference; lastKnownFileType = file.xib; path = AboutPanelWindowController.xib; sourceTree = "<group>"; };
		D8720B631C9E7D6B00ED9FBB /* StackedIntervalsIntervalsData.swift */ = {isa = PBXFileReference; fileEncoding = 4; lastKnownFileType = sourcecode.swift; path = StackedIntervalsIntervalsData.swift; sourceTree = "<group>"; };
		D8720B671C9E8B2D00ED9FBB /* StackedIntervalSet.swift */ = {isa = PBXFileReference; fileEncoding = 4; lastKnownFileType = sourcecode.swift; path = StackedIntervalSet.swift; sourceTree = "<group>"; };
		D87356E51ADA0793006DAFEB /* ChordSelectorWindowController.swift */ = {isa = PBXFileReference; fileEncoding = 4; lastKnownFileType = sourcecode.swift; path = ChordSelectorWindowController.swift; sourceTree = "<group>"; };
		D87356E61ADA0793006DAFEB /* ChordSelectorWindowController.xib */ = {isa = PBXFileReference; fileEncoding = 4; lastKnownFileType = file.xib; path = ChordSelectorWindowController.xib; sourceTree = "<group>"; };
		D87651B31ADFCB7D003C4BF2 /* ApplicationDelegate.swift */ = {isa = PBXFileReference; fileEncoding = 4; lastKnownFileType = sourcecode.swift; path = ApplicationDelegate.swift; sourceTree = "<group>"; };
		D87C27891AF3A95900C2BF7B /* PresetChordsAndScales.plist */ = {isa = PBXFileReference; fileEncoding = 4; lastKnownFileType = text.plist.xml; path = PresetChordsAndScales.plist; sourceTree = "<group>"; };
		D8812ACF1C9ECE3D0093786D /* IntervalSet.swift */ = {isa = PBXFileReference; fileEncoding = 4; lastKnownFileType = sourcecode.swift; path = IntervalSet.swift; sourceTree = "<group>"; };
		D8832F8519A0C86B0095B26F /* WaveView.swift */ = {isa = PBXFileReference; fileEncoding = 4; lastKnownFileType = sourcecode.swift; path = WaveView.swift; sourceTree = "<group>"; };
		D885A12F1CE60B7300A3B996 /* PrimesSequence.swift */ = {isa = PBXFileReference; fileEncoding = 4; lastKnownFileType = sourcecode.swift; path = PrimesSequence.swift; sourceTree = "<group>"; };
		D8896A582019E24600664260 /* HarmonicSeriesGeneratorViewController.swift */ = {isa = PBXFileReference; fileEncoding = 4; lastKnownFileType = sourcecode.swift; path = HarmonicSeriesGeneratorViewController.swift; sourceTree = "<group>"; };
		D8896A592019E24700664260 /* HarmonicSeriesGeneratorViewController.xib */ = {isa = PBXFileReference; fileEncoding = 4; lastKnownFileType = file.xib; path = HarmonicSeriesGeneratorViewController.xib; sourceTree = "<group>"; };
		D8896A5C2019E2D100664260 /* HarmonicSeriesIntervalsData.swift */ = {isa = PBXFileReference; fileEncoding = 4; lastKnownFileType = sourcecode.swift; path = HarmonicSeriesIntervalsData.swift; sourceTree = "<group>"; };
		D88A620F1ACF7F19004CD4C9 /* IntegerType+Additions.swift */ = {isa = PBXFileReference; fileEncoding = 4; lastKnownFileType = sourcecode.swift; path = "IntegerType+Additions.swift"; sourceTree = "<group>"; };
		D88EED2C1AEE5AF50084BDCB /* Float+Additions.swift */ = {isa = PBXFileReference; fileEncoding = 4; lastKnownFileType = sourcecode.swift; path = "Float+Additions.swift"; sourceTree = "<group>"; };
		D8901EBC1ABC226D00A4E071 /* Scale.swift */ = {isa = PBXFileReference; fileEncoding = 4; lastKnownFileType = sourcecode.swift; path = Scale.swift; sourceTree = "<group>"; };
		D89074D71AD5486600FD8A1E /* ResultView.swift */ = {isa = PBXFileReference; fileEncoding = 4; lastKnownFileType = sourcecode.swift; path = ResultView.swift; sourceTree = "<group>"; };
		D893174720C60C84006DECB7 /* colors.xcassets */ = {isa = PBXFileReference; lastKnownFileType = folder.assetcatalog; path = colors.xcassets; sourceTree = "<group>"; };
		D893993D1CA3E57F00C9CAA6 /* GeneratorViewController.swift */ = {isa = PBXFileReference; fileEncoding = 4; lastKnownFileType = sourcecode.swift; path = GeneratorViewController.swift; sourceTree = "<group>"; };
		D893993F1CA3F31C00C9CAA6 /* StackedIntervalsGeneratorViewController.swift */ = {isa = PBXFileReference; fileEncoding = 4; lastKnownFileType = sourcecode.swift; path = StackedIntervalsGeneratorViewController.swift; sourceTree = "<group>"; };
		D89399401CA3F31C00C9CAA6 /* StackedIntervalsGeneratorViewController.xib */ = {isa = PBXFileReference; fileEncoding = 4; lastKnownFileType = file.xib; path = StackedIntervalsGeneratorViewController.xib; sourceTree = "<group>"; };
		D89399431CA3F37000C9CAA6 /* AdHokGeneratorViewController.swift */ = {isa = PBXFileReference; fileEncoding = 4; lastKnownFileType = sourcecode.swift; path = AdHokGeneratorViewController.swift; sourceTree = "<group>"; };
		D89399441CA3F37000C9CAA6 /* AdHokGeneratorViewController.xib */ = {isa = PBXFileReference; fileEncoding = 4; lastKnownFileType = file.xib; path = AdHokGeneratorViewController.xib; sourceTree = "<group>"; };
		D8944B361E7FD1E7001A71FE /* RationalInterval.swift */ = {isa = PBXFileReference; fileEncoding = 4; lastKnownFileType = sourcecode.swift; path = RationalInterval.swift; sourceTree = "<group>"; };
		D8944B391E7FD208001A71FE /* IrrationalInterval.swift */ = {isa = PBXFileReference; fileEncoding = 4; lastKnownFileType = sourcecode.swift; path = IrrationalInterval.swift; sourceTree = "<group>"; };
		D895435D1996345200A091A4 /* Intonation.app */ = {isa = PBXFileReference; explicitFileType = wrapper.application; includeInIndex = 0; path = Intonation.app; sourceTree = BUILT_PRODUCTS_DIR; };
		D89543611996345200A091A4 /* Info.plist */ = {isa = PBXFileReference; lastKnownFileType = text.plist.xml; path = Info.plist; sourceTree = "<group>"; };
		D89543621996345200A091A4 /* main.swift */ = {isa = PBXFileReference; lastKnownFileType = sourcecode.swift; path = main.swift; sourceTree = "<group>"; };
		D89543691996345200A091A4 /* Images.xcassets */ = {isa = PBXFileReference; lastKnownFileType = folder.assetcatalog; path = Images.xcassets; sourceTree = "<group>"; };
		D895436C1996345200A091A4 /* Base */ = {isa = PBXFileReference; lastKnownFileType = file.xib; name = Base; path = Base.lproj/MainMenu.xib; sourceTree = "<group>"; };
		D89543721996345200A091A4 /* Intonation.xctest */ = {isa = PBXFileReference; explicitFileType = wrapper.cfbundle; includeInIndex = 0; path = Intonation.xctest; sourceTree = BUILT_PRODUCTS_DIR; };
		D89543771996345200A091A4 /* Info.plist */ = {isa = PBXFileReference; lastKnownFileType = text.plist.xml; path = Info.plist; sourceTree = "<group>"; };
		D89543781996345200A091A4 /* Equal_TemperamentTests.swift */ = {isa = PBXFileReference; lastKnownFileType = sourcecode.swift; path = Equal_TemperamentTests.swift; sourceTree = "<group>"; };
		D89543821996347F00A091A4 /* Document.swift */ = {isa = PBXFileReference; fileEncoding = 4; lastKnownFileType = sourcecode.swift; path = Document.swift; sourceTree = "<group>"; };
		D89543831996347F00A091A4 /* IntervalEntry.swift */ = {isa = PBXFileReference; fileEncoding = 4; lastKnownFileType = sourcecode.swift; path = IntervalEntry.swift; sourceTree = "<group>"; };
		D89543891996354100A091A4 /* Base */ = {isa = PBXFileReference; lastKnownFileType = file.xib; name = Base; path = Base.lproj/MainWindowController.xib; sourceTree = "<group>"; };
		D89768EF1CABF7BC007D30BA /* PresetIntervalsData.swift */ = {isa = PBXFileReference; fileEncoding = 4; lastKnownFileType = sourcecode.swift; path = PresetIntervalsData.swift; sourceTree = "<group>"; };
		D89A673A1E9507B100EC693C /* Interval.swift */ = {isa = PBXFileReference; fileEncoding = 4; lastKnownFileType = sourcecode.swift; path = Interval.swift; sourceTree = "<group>"; };
		D89E97A420C78A1B00E6B32D /* ColorInterpolator.swift */ = {isa = PBXFileReference; lastKnownFileType = sourcecode.swift; path = ColorInterpolator.swift; sourceTree = "<group>"; };
		D89E97A820C83C8300E6B32D /* ColorInterpolator_Test.swift */ = {isa = PBXFileReference; lastKnownFileType = sourcecode.swift; path = ColorInterpolator_Test.swift; sourceTree = "<group>"; };
		D8AA4E301C131EAA00B66521 /* ViewControllerPlaceHolderView.swift */ = {isa = PBXFileReference; fileEncoding = 4; lastKnownFileType = sourcecode.swift; path = ViewControllerPlaceHolderView.swift; sourceTree = "<group>"; };
		D8AA4E391C132A8A00B66521 /* ResultViewController.swift */ = {isa = PBXFileReference; fileEncoding = 4; lastKnownFileType = sourcecode.swift; path = ResultViewController.swift; sourceTree = "<group>"; };
		D8AA4E3A1C132A8A00B66521 /* ScaleViewController.swift */ = {isa = PBXFileReference; fileEncoding = 4; lastKnownFileType = sourcecode.swift; path = ScaleViewController.swift; sourceTree = "<group>"; };
		D8AA4E3B1C132A8A00B66521 /* ScaleViewController.xib */ = {isa = PBXFileReference; fileEncoding = 4; lastKnownFileType = file.xib; path = ScaleViewController.xib; sourceTree = "<group>"; };
		D8AA4E3F1C132ADD00B66521 /* HarmonicViewController.swift */ = {isa = PBXFileReference; fileEncoding = 4; lastKnownFileType = sourcecode.swift; path = HarmonicViewController.swift; sourceTree = "<group>"; };
		D8AA4E401C132ADD00B66521 /* HarmonicViewController.xib */ = {isa = PBXFileReference; fileEncoding = 4; lastKnownFileType = file.xib; path = HarmonicViewController.xib; sourceTree = "<group>"; };
		D8AA4E431C13318300B66521 /* WaveViewController.swift */ = {isa = PBXFileReference; fileEncoding = 4; lastKnownFileType = sourcecode.swift; path = WaveViewController.swift; sourceTree = "<group>"; };
		D8AA4E441C13318300B66521 /* WaveViewController.xib */ = {isa = PBXFileReference; fileEncoding = 4; lastKnownFileType = file.xib; path = WaveViewController.xib; sourceTree = "<group>"; };
		D8AA4E471C1337B500B66521 /* SpectrumViewController.swift */ = {isa = PBXFileReference; fileEncoding = 4; lastKnownFileType = sourcecode.swift; path = SpectrumViewController.swift; sourceTree = "<group>"; };
		D8AA4E481C1337B500B66521 /* SpectrumViewController.xib */ = {isa = PBXFileReference; fileEncoding = 4; lastKnownFileType = file.xib; path = SpectrumViewController.xib; sourceTree = "<group>"; };
		D8AFAD2E1CA58F370008ABFE /* PresetGeneratorViewController.swift */ = {isa = PBXFileReference; fileEncoding = 4; lastKnownFileType = sourcecode.swift; path = PresetGeneratorViewController.swift; sourceTree = "<group>"; };
		D8AFAD2F1CA58F370008ABFE /* PresetGeneratorViewController.xib */ = {isa = PBXFileReference; fileEncoding = 4; lastKnownFileType = file.xib; path = PresetGeneratorViewController.xib; sourceTree = "<group>"; };
		D8B0EA1320F5ABDA007656A7 /* Rational.swift */ = {isa = PBXFileReference; fileEncoding = 4; lastKnownFileType = sourcecode.swift; path = Rational.swift; sourceTree = "<group>"; };
		D8B0EA1420F5ABDA007656A7 /* RationalNumeric.swift */ = {isa = PBXFileReference; fileEncoding = 4; lastKnownFileType = sourcecode.swift; path = RationalNumeric.swift; sourceTree = "<group>"; };
		D8B14D281B29C68300C971D8 /* Tone.swift */ = {isa = PBXFileReference; fileEncoding = 4; lastKnownFileType = sourcecode.swift; path = Tone.swift; sourceTree = "<group>"; };
		D8B204E71E97D09600686E16 /* SelectingTextField.swift */ = {isa = PBXFileReference; fileEncoding = 4; lastKnownFileType = sourcecode.swift; path = SelectingTextField.swift; sourceTree = "<group>"; };
		D8B5E23E1B0386F200F20584 /* InitialUserDefaults.plist */ = {isa = PBXFileReference; fileEncoding = 4; lastKnownFileType = text.plist.xml; path = InitialUserDefaults.plist; sourceTree = "<group>"; };
		D8B9020C1AD491E30015B5E2 /* PreferencesWindowController.swift */ = {isa = PBXFileReference; fileEncoding = 4; lastKnownFileType = sourcecode.swift; path = PreferencesWindowController.swift; sourceTree = "<group>"; };
		D8B9020D1AD491E30015B5E2 /* PreferencesWindowController.xib */ = {isa = PBXFileReference; fileEncoding = 4; lastKnownFileType = file.xib; path = PreferencesWindowController.xib; sourceTree = "<group>"; };
		D8C343C71AE109E200F5494A /* SpectrumView.swift */ = {isa = PBXFileReference; fileEncoding = 4; lastKnownFileType = sourcecode.swift; path = SpectrumView.swift; sourceTree = "<group>"; };
		D8C9B68420D51FB600B6100F /* IntervalTextView.swift */ = {isa = PBXFileReference; lastKnownFileType = sourcecode.swift; path = IntervalTextView.swift; sourceTree = "<group>"; };
		D8D03A7C21009BCB00E753EE /* UnsignedInteger_Arithmetic.swift */ = {isa = PBXFileReference; fileEncoding = 4; lastKnownFileType = sourcecode.swift; path = UnsignedInteger_Arithmetic.swift; sourceTree = "<group>"; };
		D8D912D11B197D5300BB479A /* TonePlayer.swift */ = {isa = PBXFileReference; fileEncoding = 4; lastKnownFileType = sourcecode.swift; path = TonePlayer.swift; sourceTree = "<group>"; };
		D8D932A320EE29B7009ED565 /* Rational_Test.swift */ = {isa = PBXFileReference; lastKnownFileType = sourcecode.swift; path = Rational_Test.swift; sourceTree = "<group>"; };
		D8E10CB21CA66D130030D8E6 /* EqualTemperamentGeneratorViewController.swift */ = {isa = PBXFileReference; fileEncoding = 4; lastKnownFileType = sourcecode.swift; path = EqualTemperamentGeneratorViewController.swift; sourceTree = "<group>"; };
		D8E10CB31CA66D130030D8E6 /* EqualTemperamentGeneratorViewController.xib */ = {isa = PBXFileReference; fileEncoding = 4; lastKnownFileType = file.xib; path = EqualTemperamentGeneratorViewController.xib; sourceTree = "<group>"; };
		D8E10CB61CA689310030D8E6 /* EqualTemperamentIntervalsData.swift */ = {isa = PBXFileReference; fileEncoding = 4; lastKnownFileType = sourcecode.swift; path = EqualTemperamentIntervalsData.swift; sourceTree = "<group>"; };
		D8E5E6231AD12F7A004DB02D /* HarmonicView.swift */ = {isa = PBXFileReference; fileEncoding = 4; lastKnownFileType = sourcecode.swift; path = HarmonicView.swift; sourceTree = "<group>"; };
		D8E5E6251AD130DE004DB02D /* ScaleView.swift */ = {isa = PBXFileReference; fileEncoding = 4; lastKnownFileType = sourcecode.swift; path = ScaleView.swift; sourceTree = "<group>"; };
		D8EC9D992132ACD100574E5E /* PianoKeyboardPopoverViewController.swift */ = {isa = PBXFileReference; lastKnownFileType = sourcecode.swift; path = PianoKeyboardPopoverViewController.swift; sourceTree = "<group>"; };
		D8EC9D9B2132B0A900574E5E /* PianoKeyboardPopoverViewController.xib */ = {isa = PBXFileReference; lastKnownFileType = file.xib; path = PianoKeyboardPopoverViewController.xib; sourceTree = "<group>"; };
		D8ED76CF1C58E59E00BB2B8C /* FindIntervalsWindowController.swift */ = {isa = PBXFileReference; fileEncoding = 4; lastKnownFileType = sourcecode.swift; path = FindIntervalsWindowController.swift; sourceTree = "<group>"; };
		D8EDC4AD1DB11E3D009BF520 /* Intonation.entitlements */ = {isa = PBXFileReference; lastKnownFileType = text.plist.entitlements; path = Intonation.entitlements; sourceTree = "<group>"; };
		D8F2B1D51C93EFD800F88BF7 /* LimitsIntervalsData.swift */ = {isa = PBXFileReference; fileEncoding = 4; lastKnownFileType = sourcecode.swift; path = LimitsIntervalsData.swift; sourceTree = "<group>"; };
		D8F2B6BA20E3A07D00DEB1C9 /* PrimeFactors.swift */ = {isa = PBXFileReference; lastKnownFileType = sourcecode.swift; path = PrimeFactors.swift; sourceTree = "<group>"; };
		D8F2B6BC20E509B400DEB1C9 /* PrimeFactors_Test.swift */ = {isa = PBXFileReference; lastKnownFileType = sourcecode.swift; path = PrimeFactors_Test.swift; sourceTree = "<group>"; };
		D8F5A9AA1F02D2D400DEBB6B /* WaveTable.swift */ = {isa = PBXFileReference; fileEncoding = 4; lastKnownFileType = sourcecode.swift; path = WaveTable.swift; sourceTree = "<group>"; };
/* End PBXFileReference section */

/* Begin PBXFrameworksBuildPhase section */
		D895435A1996345200A091A4 /* Frameworks */ = {
			isa = PBXFrameworksBuildPhase;
			buildActionMask = 2147483647;
			files = (
			);
			runOnlyForDeploymentPostprocessing = 0;
		};
		D895436F1996345200A091A4 /* Frameworks */ = {
			isa = PBXFrameworksBuildPhase;
			buildActionMask = 2147483647;
			files = (
			);
			runOnlyForDeploymentPostprocessing = 0;
		};
/* End PBXFrameworksBuildPhase section */

/* Begin PBXGroup section */
		D80989601C85C33B00122857 /* Additions */ = {
			isa = PBXGroup;
			children = (
				D88A620F1ACF7F19004CD4C9 /* IntegerType+Additions.swift */,
				D88EED2C1AEE5AF50084BDCB /* Float+Additions.swift */,
				D80989651C85C66B00122857 /* String+Additions.swift */,
			);
			name = Additions;
			sourceTree = "<group>";
		};
		D84F34081B088BC30095D1E8 /* Frameworks */ = {
			isa = PBXGroup;
			children = (
			);
			name = Frameworks;
			sourceTree = "<group>";
		};
		D87201021B8C7CA0006FDEDC /* Library */ = {
			isa = PBXGroup;
			children = (
				D8D03A7C21009BCB00E753EE /* UnsignedInteger_Arithmetic.swift */,
				D8B0EA1420F5ABDA007656A7 /* RationalNumeric.swift */,
				D8B0EA1320F5ABDA007656A7 /* Rational.swift */,
				D8AA4E301C131EAA00B66521 /* ViewControllerPlaceHolderView.swift */,
				D89E97A420C78A1B00E6B32D /* ColorInterpolator.swift */,
				D866A28720C8BDE30010C481 /* MidiNoteFormatter.swift */,
				D81EB27621204A20001B53C6 /* PianoKeyboardControl.swift */,
			);
			path = Library;
			sourceTree = "<group>";
		};
		D875BD5821369D58005E0046 /* Generators */ = {
			isa = PBXGroup;
			children = (
				D875BD5921369D68005E0046 /* LimitsGenerator */,
				D875BD5C21369E00005E0046 /* SeriesGenerator */,
				D875BD5B21369DF1005E0046 /* EqualTemperament */,
				D875BD5A21369DCF005E0046 /* StackedIntervalsGenerator */,
				D875BD5D21369E18005E0046 /* AdHokGenerator */,
				D875BD5E21369E2B005E0046 /* PresetGenerator */,
			);
			path = Generators;
			sourceTree = "<group>";
		};
		D875BD5921369D68005E0046 /* LimitsGenerator */ = {
			isa = PBXGroup;
			children = (
				D8571C7E1CA56D2B008A5A46 /* LimitsGeneratorViewController.swift */,
				D8571C7F1CA56D2B008A5A46 /* LimitsGeneratorViewController.xib */,
				D8F2B1D51C93EFD800F88BF7 /* LimitsIntervalsData.swift */,
			);
			path = LimitsGenerator;
			sourceTree = "<group>";
		};
		D875BD5A21369DCF005E0046 /* StackedIntervalsGenerator */ = {
			isa = PBXGroup;
			children = (
				D893993F1CA3F31C00C9CAA6 /* StackedIntervalsGeneratorViewController.swift */,
				D89399401CA3F31C00C9CAA6 /* StackedIntervalsGeneratorViewController.xib */,
				D8720B631C9E7D6B00ED9FBB /* StackedIntervalsIntervalsData.swift */,
			);
			path = StackedIntervalsGenerator;
			sourceTree = "<group>";
		};
		D875BD5B21369DF1005E0046 /* EqualTemperament */ = {
			isa = PBXGroup;
			children = (
				D8E10CB21CA66D130030D8E6 /* EqualTemperamentGeneratorViewController.swift */,
				D8E10CB31CA66D130030D8E6 /* EqualTemperamentGeneratorViewController.xib */,
				D8E10CB61CA689310030D8E6 /* EqualTemperamentIntervalsData.swift */,
			);
			path = EqualTemperament;
			sourceTree = "<group>";
		};
		D875BD5C21369E00005E0046 /* SeriesGenerator */ = {
			isa = PBXGroup;
			children = (
				D8896A582019E24600664260 /* HarmonicSeriesGeneratorViewController.swift */,
				D8896A592019E24700664260 /* HarmonicSeriesGeneratorViewController.xib */,
				D8896A5C2019E2D100664260 /* HarmonicSeriesIntervalsData.swift */,
			);
			path = SeriesGenerator;
			sourceTree = "<group>";
		};
		D875BD5D21369E18005E0046 /* AdHokGenerator */ = {
			isa = PBXGroup;
			children = (
				D89399431CA3F37000C9CAA6 /* AdHokGeneratorViewController.swift */,
				D89399441CA3F37000C9CAA6 /* AdHokGeneratorViewController.xib */,
				D84CE1E11C95960E00E19505 /* AdHocIntervalsData.swift */,
			);
			path = AdHokGenerator;
			sourceTree = "<group>";
		};
		D875BD5E21369E2B005E0046 /* PresetGenerator */ = {
			isa = PBXGroup;
			children = (
				D8AFAD2E1CA58F370008ABFE /* PresetGeneratorViewController.swift */,
				D8AFAD2F1CA58F370008ABFE /* PresetGeneratorViewController.xib */,
				D89768EF1CABF7BC007D30BA /* PresetIntervalsData.swift */,
			);
			path = PresetGenerator;
			sourceTree = "<group>";
		};
		D87C27881AF3A93D00C2BF7B /* Resources */ = {
			isa = PBXGroup;
			children = (
				D87C27891AF3A95900C2BF7B /* PresetChordsAndScales.plist */,
				D8B5E23E1B0386F200F20584 /* InitialUserDefaults.plist */,
			);
			path = Resources;
			sourceTree = "<group>";
		};
		D8944B341E7FD1E7001A71FE /* Interval */ = {
			isa = PBXGroup;
			children = (
				D89A673A1E9507B100EC693C /* Interval.swift */,
				D8944B361E7FD1E7001A71FE /* RationalInterval.swift */,
				D8944B391E7FD208001A71FE /* IrrationalInterval.swift */,
				D82FD0E31E9506DE009A6EF8 /* EqualTemperamentInterval.swift */,
			);
			path = Interval;
			sourceTree = "<group>";
		};
		D89543541996345200A091A4 = {
			isa = PBXGroup;
			children = (
				D8EDC4AD1DB11E3D009BF520 /* Intonation.entitlements */,
				D895435F1996345200A091A4 /* Equal Temperament */,
				D89543751996345200A091A4 /* Equal TemperamentTests */,
				D895435E1996345200A091A4 /* Products */,
			);
			sourceTree = "<group>";
		};
		D895435E1996345200A091A4 /* Products */ = {
			isa = PBXGroup;
			children = (
				D895435D1996345200A091A4 /* Intonation.app */,
				D89543721996345200A091A4 /* Intonation.xctest */,
			);
			name = Products;
			sourceTree = "<group>";
		};
		D895435F1996345200A091A4 /* Equal Temperament */ = {
			isa = PBXGroup;
			children = (
				D8B902091AD48EBF0015B5E2 /* Controllers */,
				D8B9020A1AD48ED70015B5E2 /* Views */,
				D8B9020B1AD48EFD0015B5E2 /* Model */,
				D875BD5821369D58005E0046 /* Generators */,
				D80989601C85C33B00122857 /* Additions */,
				D87201021B8C7CA0006FDEDC /* Library */,
				D87C27881AF3A93D00C2BF7B /* Resources */,
				D89543691996345200A091A4 /* Images.xcassets */,
				D893174720C60C84006DECB7 /* colors.xcassets */,
				D89543601996345200A091A4 /* Supporting Files */,
				D84F34081B088BC30095D1E8 /* Frameworks */,
			);
			path = "Equal Temperament";
			sourceTree = "<group>";
		};
		D89543601996345200A091A4 /* Supporting Files */ = {
			isa = PBXGroup;
			children = (
				D89543611996345200A091A4 /* Info.plist */,
				D89543621996345200A091A4 /* main.swift */,
			);
			name = "Supporting Files";
			sourceTree = "<group>";
		};
		D89543751996345200A091A4 /* Equal TemperamentTests */ = {
			isa = PBXGroup;
			children = (
				D89543781996345200A091A4 /* Equal_TemperamentTests.swift */,
				D89E97A820C83C8300E6B32D /* ColorInterpolator_Test.swift */,
				D81D19B320C8C56E002B77F6 /* MidiNoteFormatter_Test.swift */,
				D867548020CA39DF00CE2D0F /* UInt+Additions_Test.swift */,
				D8F2B6BC20E509B400DEB1C9 /* PrimeFactors_Test.swift */,
				D8D932A320EE29B7009ED565 /* Rational_Test.swift */,
				D89543761996345200A091A4 /* Supporting Files */,
			);
			path = "Equal TemperamentTests";
			sourceTree = "<group>";
		};
		D89543761996345200A091A4 /* Supporting Files */ = {
			isa = PBXGroup;
			children = (
				D89543771996345200A091A4 /* Info.plist */,
			);
			name = "Supporting Files";
			sourceTree = "<group>";
		};
		D8AA4E381C132A6200B66521 /* ScaleDisplayViewController */ = {
			isa = PBXGroup;
			children = (
				D8AA4E391C132A8A00B66521 /* ResultViewController.swift */,
				D8AA4E3A1C132A8A00B66521 /* ScaleViewController.swift */,
				D8AA4E3B1C132A8A00B66521 /* ScaleViewController.xib */,
				D8AA4E3F1C132ADD00B66521 /* HarmonicViewController.swift */,
				D8AA4E401C132ADD00B66521 /* HarmonicViewController.xib */,
				D8AA4E431C13318300B66521 /* WaveViewController.swift */,
				D8AA4E441C13318300B66521 /* WaveViewController.xib */,
				D8AA4E471C1337B500B66521 /* SpectrumViewController.swift */,
				D8AA4E481C1337B500B66521 /* SpectrumViewController.xib */,
			);
			path = ScaleDisplayViewController;
			sourceTree = "<group>";
		};
		D8B902091AD48EBF0015B5E2 /* Controllers */ = {
			isa = PBXGroup;
			children = (
				D895436B1996345200A091A4 /* MainMenu.xib */,
				D87651B31ADFCB7D003C4BF2 /* ApplicationDelegate.swift */,
				D89543821996347F00A091A4 /* Document.swift */,
				D85C0F661C8848F400FE36FA /* MainWindowController.swift */,
				D89543881996354100A091A4 /* MainWindowController.xib */,
				D8B9020C1AD491E30015B5E2 /* PreferencesWindowController.swift */,
				D8B9020D1AD491E30015B5E2 /* PreferencesWindowController.xib */,
				D85ABE7D1C3FD06800F2DFAF /* ChordOrScaleSelectorViewController.swift */,
				D87356E51ADA0793006DAFEB /* ChordSelectorWindowController.swift */,
				D87356E61ADA0793006DAFEB /* ChordSelectorWindowController.xib */,
				D8646B2B1C3D4C5A00D8C429 /* ChordPreviewViewController.swift */,
				D8646B2C1C3D4C5A00D8C429 /* ChordPreviewViewController.xib */,
				D8ED76CF1C58E59E00BB2B8C /* FindIntervalsWindowController.swift */,
				D80A61D41C9040C000A2F885 /* SelectDocumentType.swift */,
				D80A61D51C9040C000A2F885 /* SelectDocumentType.xib */,
				D8299E221FDE946400CB9DF7 /* ExportWindowController.swift */,
				D8299E211FDE946400CB9DF7 /* ExportWindowController.xib */,
				D89543831996347F00A091A4 /* IntervalEntry.swift */,
				D8681A511F97612D001CA24E /* AboutPanelWindowController.swift */,
				D8681A521F97612D001CA24E /* AboutPanelWindowController.xib */,
				D8EC9D992132ACD100574E5E /* PianoKeyboardPopoverViewController.swift */,
				D8EC9D9B2132B0A900574E5E /* PianoKeyboardPopoverViewController.xib */,
				D893993D1CA3E57F00C9CAA6 /* GeneratorViewController.swift */,
				D8AA4E381C132A6200B66521 /* ScaleDisplayViewController */,
			);
			name = Controllers;
			sourceTree = "<group>";
		};
		D8B9020A1AD48ED70015B5E2 /* Views */ = {
			isa = PBXGroup;
			children = (
				D89074D71AD5486600FD8A1E /* ResultView.swift */,
				D8E5E6251AD130DE004DB02D /* ScaleView.swift */,
				D8E5E6231AD12F7A004DB02D /* HarmonicView.swift */,
				D8832F8519A0C86B0095B26F /* WaveView.swift */,
				D8C343C71AE109E200F5494A /* SpectrumView.swift */,
				D83092C01AEBBC6F00B0E6A7 /* DisclosureView.swift */,
				D8B204E71E97D09600686E16 /* SelectingTextField.swift */,
				D8C9B68420D51FB600B6100F /* IntervalTextView.swift */,
			);
			name = Views;
			sourceTree = "<group>";
		};
		D8B9020B1AD48EFD0015B5E2 /* Model */ = {
			isa = PBXGroup;
			children = (
				D83C4A2B1C8863A00090F939 /* IntervalsData.swift */,
				D84CE1E31C95967700E19505 /* IntervalsDataGenerator.swift */,
				D885A12F1CE60B7300A3B996 /* PrimesSequence.swift */,
				D849E7301ACADFD1006E0964 /* PrimeProducts.swift */,
				D8F2B6BA20E3A07D00DEB1C9 /* PrimeFactors.swift */,
				D8944B341E7FD1E7001A71FE /* Interval */,
				D8812ACF1C9ECE3D0093786D /* IntervalSet.swift */,
				D8901EBC1ABC226D00A4E071 /* Scale.swift */,
				D8720B671C9E8B2D00ED9FBB /* StackedIntervalSet.swift */,
				D831054D1B0A6115000EB805 /* HarmonicsDescription.swift */,
				D8D912D11B197D5300BB479A /* TonePlayer.swift */,
				D8B14D281B29C68300C971D8 /* Tone.swift */,
				D8F5A9AA1F02D2D400DEBB6B /* WaveTable.swift */,
				D85916C21C8C04D0001C5330 /* MIDIReceiver.swift */,
				D80D8C191B80A167001E7746 /* Envelope.swift */,
				D8646B271C3D23F500D8C429 /* ChordSelectorItem.swift */,
				D83B54B01C8D96C500624A46 /* MIDIToHarmonicRatio.swift */,
				D809C4D81CE8C7C9009F98D5 /* ExportGenerator.swift */,
			);
			name = Model;
			sourceTree = "<group>";
		};
/* End PBXGroup section */

/* Begin PBXNativeTarget section */
		D895435C1996345200A091A4 /* Intonation */ = {
			isa = PBXNativeTarget;
			buildConfigurationList = D895437C1996345200A091A4 /* Build configuration list for PBXNativeTarget "Intonation" */;
			buildPhases = (
				D89543591996345200A091A4 /* Sources */,
				D895435A1996345200A091A4 /* Frameworks */,
				D895435B1996345200A091A4 /* Resources */,
			);
			buildRules = (
			);
			dependencies = (
			);
			name = Intonation;
			productName = "Equal Temperament";
			productReference = D895435D1996345200A091A4 /* Intonation.app */;
			productType = "com.apple.product-type.application";
		};
		D89543711996345200A091A4 /* IntonationTests */ = {
			isa = PBXNativeTarget;
			buildConfigurationList = D895437F1996345200A091A4 /* Build configuration list for PBXNativeTarget "IntonationTests" */;
			buildPhases = (
				D895436E1996345200A091A4 /* Sources */,
				D895436F1996345200A091A4 /* Frameworks */,
				D89543701996345200A091A4 /* Resources */,
			);
			buildRules = (
			);
			dependencies = (
				D89543741996345200A091A4 /* PBXTargetDependency */,
			);
			name = IntonationTests;
			productName = "Equal TemperamentTests";
			productReference = D89543721996345200A091A4 /* Intonation.xctest */;
			productType = "com.apple.product-type.bundle.unit-test";
		};
/* End PBXNativeTarget section */

/* Begin PBXProject section */
		D89543551996345200A091A4 /* Project object */ = {
			isa = PBXProject;
			attributes = {
				LastSwiftUpdateCheck = 0700;
				LastUpgradeCheck = 0930;
				ORGANIZATIONNAME = "Nathan Day";
				TargetAttributes = {
					D895435C1996345200A091A4 = {
						CreatedOnToolsVersion = 6.0;
						DevelopmentTeam = 48EHR59S73;
						LastSwiftMigration = 0900;
						SystemCapabilities = {
							com.apple.ApplicationGroups.Mac = {
								enabled = 0;
							};
							com.apple.Sandbox = {
								enabled = 1;
							};
						};
					};
					D89543711996345200A091A4 = {
						CreatedOnToolsVersion = 6.0;
						LastSwiftMigration = 0900;
					};
				};
			};
			buildConfigurationList = D89543581996345200A091A4 /* Build configuration list for PBXProject "Intonation" */;
			compatibilityVersion = "Xcode 3.2";
			developmentRegion = English;
			hasScannedForEncodings = 0;
			knownRegions = (
				en,
				Base,
			);
			mainGroup = D89543541996345200A091A4;
			productRefGroup = D895435E1996345200A091A4 /* Products */;
			projectDirPath = "";
			projectRoot = "";
			targets = (
				D895435C1996345200A091A4 /* Intonation */,
				D89543711996345200A091A4 /* IntonationTests */,
			);
		};
/* End PBXProject section */

/* Begin PBXResourcesBuildPhase section */
		D895435B1996345200A091A4 /* Resources */ = {
			isa = PBXResourcesBuildPhase;
			buildActionMask = 2147483647;
			files = (
				D8B9020F1AD491E30015B5E2 /* PreferencesWindowController.xib in Resources */,
				D87356E81ADA0793006DAFEB /* ChordSelectorWindowController.xib in Resources */,
				D895436A1996345200A091A4 /* Images.xcassets in Resources */,
				D895436D1996345200A091A4 /* MainMenu.xib in Resources */,
				D8646B2E1C3D4C5A00D8C429 /* ChordPreviewViewController.xib in Resources */,
				D8EC9D9C2132B0A900574E5E /* PianoKeyboardPopoverViewController.xib in Resources */,
				D893174820C60C84006DECB7 /* colors.xcassets in Resources */,
				D8299E231FDE946400CB9DF7 /* ExportWindowController.xib in Resources */,
				D89399461CA3F37000C9CAA6 /* AdHokGeneratorViewController.xib in Resources */,
				D8AA4E421C132ADD00B66521 /* HarmonicViewController.xib in Resources */,
				D8B5E23F1B0386F200F20584 /* InitialUserDefaults.plist in Resources */,
				D8E10CB51CA66D130030D8E6 /* EqualTemperamentGeneratorViewController.xib in Resources */,
				D87C278A1AF3A95900C2BF7B /* PresetChordsAndScales.plist in Resources */,
				D8681A541F97612D001CA24E /* AboutPanelWindowController.xib in Resources */,
				D8AA4E461C13318300B66521 /* WaveViewController.xib in Resources */,
				D89399421CA3F31C00C9CAA6 /* StackedIntervalsGeneratorViewController.xib in Resources */,
				D8AFAD311CA58F370008ABFE /* PresetGeneratorViewController.xib in Resources */,
				D895438A1996354100A091A4 /* MainWindowController.xib in Resources */,
				D8AA4E3E1C132A8A00B66521 /* ScaleViewController.xib in Resources */,
				D8896A5B2019E24700664260 /* HarmonicSeriesGeneratorViewController.xib in Resources */,
				D80A61D71C9040C000A2F885 /* SelectDocumentType.xib in Resources */,
				D8571C811CA56D2B008A5A46 /* LimitsGeneratorViewController.xib in Resources */,
				D8AA4E4A1C1337B500B66521 /* SpectrumViewController.xib in Resources */,
			);
			runOnlyForDeploymentPostprocessing = 0;
		};
		D89543701996345200A091A4 /* Resources */ = {
			isa = PBXResourcesBuildPhase;
			buildActionMask = 2147483647;
			files = (
			);
			runOnlyForDeploymentPostprocessing = 0;
		};
/* End PBXResourcesBuildPhase section */

/* Begin PBXSourcesBuildPhase section */
		D89543591996345200A091A4 /* Sources */ = {
			isa = PBXSourcesBuildPhase;
			buildActionMask = 2147483647;
			files = (
				D8E10CB41CA66D130030D8E6 /* EqualTemperamentGeneratorViewController.swift in Sources */,
				D89768F01CABF7BC007D30BA /* PresetIntervalsData.swift in Sources */,
				D893993E1CA3E57F00C9CAA6 /* GeneratorViewController.swift in Sources */,
				D8AFAD301CA58F370008ABFE /* PresetGeneratorViewController.swift in Sources */,
				D82FD0E41E9506DE009A6EF8 /* EqualTemperamentInterval.swift in Sources */,
				D849E7311ACADFD1006E0964 /* PrimeProducts.swift in Sources */,
				D8646B2D1C3D4C5A00D8C429 /* ChordPreviewViewController.swift in Sources */,
				D84CE1E21C95960E00E19505 /* AdHocIntervalsData.swift in Sources */,
				D8832F8619A0C86B0095B26F /* WaveView.swift in Sources */,
				D8EC9D9A2132ACD100574E5E /* PianoKeyboardPopoverViewController.swift in Sources */,
				D83092C11AEBBC6F00B0E6A7 /* DisclosureView.swift in Sources */,
				D84CE1E41C95967700E19505 /* IntervalsDataGenerator.swift in Sources */,
				D8257B241CE72F2B008198E7 /* PrimesSequence.swift in Sources */,
				D8299E241FDE946400CB9DF7 /* ExportWindowController.swift in Sources */,
				D8B9020E1AD491E30015B5E2 /* PreferencesWindowController.swift in Sources */,
				D8E5E6241AD12F7A004DB02D /* HarmonicView.swift in Sources */,
				D80A61D61C9040C000A2F885 /* SelectDocumentType.swift in Sources */,
				D8896A5A2019E24700664260 /* HarmonicSeriesGeneratorViewController.swift in Sources */,
				D831054E1B0A6115000EB805 /* HarmonicsDescription.swift in Sources */,
				D8720B641C9E7D6B00ED9FBB /* StackedIntervalsIntervalsData.swift in Sources */,
				D8646B281C3D23F500D8C429 /* ChordSelectorItem.swift in Sources */,
				D8ED76D11C58E59E00BB2B8C /* FindIntervalsWindowController.swift in Sources */,
				D8AA4E491C1337B500B66521 /* SpectrumViewController.swift in Sources */,
				D8812AD01C9ECE3D0093786D /* IntervalSet.swift in Sources */,
				D89A673B1E9507B100EC693C /* Interval.swift in Sources */,
				D89543861996347F00A091A4 /* IntervalEntry.swift in Sources */,
				D8896A5D2019E2D100664260 /* HarmonicSeriesIntervalsData.swift in Sources */,
				D85916C31C8C04D0001C5330 /* MIDIReceiver.swift in Sources */,
				D83B54B11C8D96C500624A46 /* MIDIToHarmonicRatio.swift in Sources */,
				D85ABE7F1C3FD06800F2DFAF /* ChordOrScaleSelectorViewController.swift in Sources */,
				D8B0EA1620F5ABDA007656A7 /* RationalNumeric.swift in Sources */,
				D8E10CB71CA689310030D8E6 /* EqualTemperamentIntervalsData.swift in Sources */,
				D89074D81AD5486600FD8A1E /* ResultView.swift in Sources */,
				D88EED2D1AEE5AF50084BDCB /* Float+Additions.swift in Sources */,
				D8681A531F97612D001CA24E /* AboutPanelWindowController.swift in Sources */,
				D8F2B1D61C93EFD800F88BF7 /* LimitsIntervalsData.swift in Sources */,
				D895438B1996363700A091A4 /* Document.swift in Sources */,
				D8E5E6271AD130DE004DB02D /* ScaleView.swift in Sources */,
				D8944B381E7FD1E7001A71FE /* RationalInterval.swift in Sources */,
				D80989661C85C66B00122857 /* String+Additions.swift in Sources */,
				D80D8C1A1B80A167001E7746 /* Envelope.swift in Sources */,
				D8E7C7D71B1CAB99000D745B /* TonePlayer.swift in Sources */,
				D83C4A2C1C8863A00090F939 /* IntervalsData.swift in Sources */,
				D8AA4E3D1C132A8A00B66521 /* ScaleViewController.swift in Sources */,
				D809C4D91CE8C7C9009F98D5 /* ExportGenerator.swift in Sources */,
				D8571C801CA56D2B008A5A46 /* LimitsGeneratorViewController.swift in Sources */,
				D88A62101ACF7F19004CD4C9 /* IntegerType+Additions.swift in Sources */,
				D81EB27721204A21001B53C6 /* PianoKeyboardControl.swift in Sources */,
				D89399411CA3F31C00C9CAA6 /* StackedIntervalsGeneratorViewController.swift in Sources */,
				D8944B3A1E7FD208001A71FE /* IrrationalInterval.swift in Sources */,
				D8C9B68620D6741F00B6100F /* ResultViewController.swift in Sources */,
				D8C343C81AE109E200F5494A /* SpectrumView.swift in Sources */,
				D87356E71ADA0793006DAFEB /* ChordSelectorWindowController.swift in Sources */,
				D8C9B68520D51FB600B6100F /* IntervalTextView.swift in Sources */,
				D8B204E81E97D09600686E16 /* SelectingTextField.swift in Sources */,
				D87651B41ADFCB7D003C4BF2 /* ApplicationDelegate.swift in Sources */,
				D85C0F671C8848F400FE36FA /* MainWindowController.swift in Sources */,
				D88A62111AD02167004CD4C9 /* Scale.swift in Sources */,
				D8AA4E451C13318300B66521 /* WaveViewController.swift in Sources */,
				D8D03A7D21009BCB00E753EE /* UnsignedInteger_Arithmetic.swift in Sources */,
				D89399451CA3F37000C9CAA6 /* AdHokGeneratorViewController.swift in Sources */,
				D8B0EA1520F5ABDA007656A7 /* Rational.swift in Sources */,
				D8B14D291B29C68300C971D8 /* Tone.swift in Sources */,
				D8720B681C9E8B2D00ED9FBB /* StackedIntervalSet.swift in Sources */,
				D8AA4E311C131EAA00B66521 /* ViewControllerPlaceHolderView.swift in Sources */,
				D89E97A520C78A1B00E6B32D /* ColorInterpolator.swift in Sources */,
				D8AA4E411C132ADD00B66521 /* HarmonicViewController.swift in Sources */,
				D8F2B6BB20E3A07D00DEB1C9 /* PrimeFactors.swift in Sources */,
				D866A28820C8BDE30010C481 /* MidiNoteFormatter.swift in Sources */,
			);
			runOnlyForDeploymentPostprocessing = 0;
		};
		D895436E1996345200A091A4 /* Sources */ = {
			isa = PBXSourcesBuildPhase;
			buildActionMask = 2147483647;
			files = (
				D8F2B6BE20E5141300DEB1C9 /* PrimeFactors.swift in Sources */,
				D867548320CA3BCC00CE2D0F /* PrimesSequence.swift in Sources */,
				D89E97A920C83C8300E6B32D /* ColorInterpolator_Test.swift in Sources */,
				D867548220CA3B9200CE2D0F /* IntegerType+Additions.swift in Sources */,
				D8D932AA20F0C58E009ED565 /* Float+Additions.swift in Sources */,
				D8B0EA1720F5AC08007656A7 /* Rational.swift in Sources */,
				D867548120CA39DF00CE2D0F /* UInt+Additions_Test.swift in Sources */,
				D8F2B6BD20E509B400DEB1C9 /* PrimeFactors_Test.swift in Sources */,
				D8D932A420EE29B7009ED565 /* Rational_Test.swift in Sources */,
				D89E97AA20C83D7500E6B32D /* ColorInterpolator.swift in Sources */,
				D8D03A7E21009BCB00E753EE /* UnsignedInteger_Arithmetic.swift in Sources */,
				D89543791996345200A091A4 /* Equal_TemperamentTests.swift in Sources */,
				D8B0EA1820F5AC0A007656A7 /* RationalNumeric.swift in Sources */,
				D81D19B520C8C705002B77F6 /* MidiNoteFormatter.swift in Sources */,
				D81D19B420C8C56E002B77F6 /* MidiNoteFormatter_Test.swift in Sources */,
			);
			runOnlyForDeploymentPostprocessing = 0;
		};
/* End PBXSourcesBuildPhase section */

/* Begin PBXTargetDependency section */
		D89543741996345200A091A4 /* PBXTargetDependency */ = {
			isa = PBXTargetDependency;
			target = D895435C1996345200A091A4 /* Intonation */;
			targetProxy = D89543731996345200A091A4 /* PBXContainerItemProxy */;
		};
/* End PBXTargetDependency section */

/* Begin PBXVariantGroup section */
		D895436B1996345200A091A4 /* MainMenu.xib */ = {
			isa = PBXVariantGroup;
			children = (
				D895436C1996345200A091A4 /* Base */,
			);
			name = MainMenu.xib;
			sourceTree = "<group>";
		};
		D89543881996354100A091A4 /* MainWindowController.xib */ = {
			isa = PBXVariantGroup;
			children = (
				D89543891996354100A091A4 /* Base */,
			);
			name = MainWindowController.xib;
			sourceTree = "<group>";
		};
/* End PBXVariantGroup section */

/* Begin XCBuildConfiguration section */
		D895437A1996345200A091A4 /* Debug */ = {
			isa = XCBuildConfiguration;
			buildSettings = {
				ALWAYS_SEARCH_USER_PATHS = NO;
				CLANG_ANALYZER_GCD_PERFORMANCE = YES;
				CLANG_CXX_LANGUAGE_STANDARD = "gnu++0x";
				CLANG_CXX_LIBRARY = "libc++";
				CLANG_ENABLE_MODULES = YES;
				CLANG_ENABLE_OBJC_ARC = YES;
				CLANG_WARN_BLOCK_CAPTURE_AUTORELEASING = YES;
				CLANG_WARN_BOOL_CONVERSION = YES;
				CLANG_WARN_COMMA = YES;
				CLANG_WARN_CONSTANT_CONVERSION = YES;
				CLANG_WARN_DEPRECATED_OBJC_IMPLEMENTATIONS = YES;
				CLANG_WARN_DIRECT_OBJC_ISA_USAGE = YES_ERROR;
				CLANG_WARN_EMPTY_BODY = YES;
				CLANG_WARN_ENUM_CONVERSION = YES;
				CLANG_WARN_INFINITE_RECURSION = YES;
				CLANG_WARN_INT_CONVERSION = YES;
				CLANG_WARN_NON_LITERAL_NULL_CONVERSION = YES;
				CLANG_WARN_OBJC_IMPLICIT_RETAIN_SELF = YES;
				CLANG_WARN_OBJC_LITERAL_CONVERSION = YES;
				CLANG_WARN_OBJC_ROOT_CLASS = YES_ERROR;
				CLANG_WARN_RANGE_LOOP_ANALYSIS = YES;
				CLANG_WARN_STRICT_PROTOTYPES = YES;
				CLANG_WARN_SUSPICIOUS_MOVE = YES;
				CLANG_WARN_UNREACHABLE_CODE = YES;
				CLANG_WARN__DUPLICATE_METHOD_MATCH = YES;
				CODE_SIGN_IDENTITY = "-";
				COPY_PHASE_STRIP = NO;
				ENABLE_STRICT_OBJC_MSGSEND = YES;
				ENABLE_TESTABILITY = YES;
				GCC_C_LANGUAGE_STANDARD = gnu99;
				GCC_DYNAMIC_NO_PIC = NO;
				GCC_NO_COMMON_BLOCKS = YES;
				GCC_OPTIMIZATION_LEVEL = 0;
				GCC_PREPROCESSOR_DEFINITIONS = (
					"DEBUG=1",
					"$(inherited)",
				);
				GCC_SYMBOLS_PRIVATE_EXTERN = NO;
				GCC_WARN_64_TO_32_BIT_CONVERSION = YES;
				GCC_WARN_ABOUT_RETURN_TYPE = YES_ERROR;
				GCC_WARN_UNDECLARED_SELECTOR = YES;
				GCC_WARN_UNINITIALIZED_AUTOS = YES_AGGRESSIVE;
				GCC_WARN_UNUSED_FUNCTION = YES;
				GCC_WARN_UNUSED_VARIABLE = YES;
				MACOSX_DEPLOYMENT_TARGET = 10.14;
				MTL_ENABLE_DEBUG_INFO = YES;
				ONLY_ACTIVE_ARCH = YES;
				SDKROOT = macosx;
				SWIFT_OPTIMIZATION_LEVEL = "-Onone";
			};
			name = Debug;
		};
		D895437B1996345200A091A4 /* Release */ = {
			isa = XCBuildConfiguration;
			buildSettings = {
				ALWAYS_SEARCH_USER_PATHS = NO;
				CLANG_ANALYZER_GCD_PERFORMANCE = YES;
				CLANG_CXX_LANGUAGE_STANDARD = "gnu++0x";
				CLANG_CXX_LIBRARY = "libc++";
				CLANG_ENABLE_MODULES = YES;
				CLANG_ENABLE_OBJC_ARC = YES;
				CLANG_WARN_BLOCK_CAPTURE_AUTORELEASING = YES;
				CLANG_WARN_BOOL_CONVERSION = YES;
				CLANG_WARN_COMMA = YES;
				CLANG_WARN_CONSTANT_CONVERSION = YES;
				CLANG_WARN_DEPRECATED_OBJC_IMPLEMENTATIONS = YES;
				CLANG_WARN_DIRECT_OBJC_ISA_USAGE = YES_ERROR;
				CLANG_WARN_EMPTY_BODY = YES;
				CLANG_WARN_ENUM_CONVERSION = YES;
				CLANG_WARN_INFINITE_RECURSION = YES;
				CLANG_WARN_INT_CONVERSION = YES;
				CLANG_WARN_NON_LITERAL_NULL_CONVERSION = YES;
				CLANG_WARN_OBJC_IMPLICIT_RETAIN_SELF = YES;
				CLANG_WARN_OBJC_LITERAL_CONVERSION = YES;
				CLANG_WARN_OBJC_ROOT_CLASS = YES_ERROR;
				CLANG_WARN_RANGE_LOOP_ANALYSIS = YES;
				CLANG_WARN_STRICT_PROTOTYPES = YES;
				CLANG_WARN_SUSPICIOUS_MOVE = YES;
				CLANG_WARN_UNREACHABLE_CODE = YES;
				CLANG_WARN__DUPLICATE_METHOD_MATCH = YES;
				CODE_SIGN_IDENTITY = "-";
				COPY_PHASE_STRIP = YES;
				DEBUG_INFORMATION_FORMAT = "dwarf-with-dsym";
				ENABLE_NS_ASSERTIONS = NO;
				ENABLE_STRICT_OBJC_MSGSEND = YES;
				GCC_C_LANGUAGE_STANDARD = gnu99;
				GCC_NO_COMMON_BLOCKS = YES;
				GCC_WARN_64_TO_32_BIT_CONVERSION = YES;
				GCC_WARN_ABOUT_RETURN_TYPE = YES_ERROR;
				GCC_WARN_UNDECLARED_SELECTOR = YES;
				GCC_WARN_UNINITIALIZED_AUTOS = YES_AGGRESSIVE;
				GCC_WARN_UNUSED_FUNCTION = YES;
				GCC_WARN_UNUSED_VARIABLE = YES;
				MACOSX_DEPLOYMENT_TARGET = 10.14;
				MTL_ENABLE_DEBUG_INFO = NO;
				SDKROOT = macosx;
			};
			name = Release;
		};
		D895437D1996345200A091A4 /* Debug */ = {
			isa = XCBuildConfiguration;
			buildSettings = {
				ASSETCATALOG_COMPILER_APPICON_NAME = AppIcon;
				CODE_SIGN_ENTITLEMENTS = Intonation.entitlements;
				COMBINE_HIDPI_IMAGES = YES;
				DEFINES_MODULE = YES;
				DEVELOPMENT_TEAM = 48EHR59S73;
				INFOPLIST_FILE = "Equal Temperament/Info.plist";
				LD_RUNPATH_SEARCH_PATHS = "$(inherited) @executable_path/../Frameworks";
				PRODUCT_BUNDLE_IDENTIFIER = "com.godofcocoa.$(PRODUCT_NAME:rfc1034identifier)";
				PRODUCT_NAME = Intonation;
				SWIFT_OPTIMIZATION_LEVEL = "-Onone";
				SWIFT_VERSION = 4.2;
			};
			name = Debug;
		};
		D895437E1996345200A091A4 /* Release */ = {
			isa = XCBuildConfiguration;
			buildSettings = {
				ASSETCATALOG_COMPILER_APPICON_NAME = AppIcon;
				CODE_SIGN_ENTITLEMENTS = Intonation.entitlements;
				COMBINE_HIDPI_IMAGES = YES;
				DEFINES_MODULE = YES;
				DEVELOPMENT_TEAM = 48EHR59S73;
				INFOPLIST_FILE = "Equal Temperament/Info.plist";
				LD_RUNPATH_SEARCH_PATHS = "$(inherited) @executable_path/../Frameworks";
				PRODUCT_BUNDLE_IDENTIFIER = "com.godofcocoa.$(PRODUCT_NAME:rfc1034identifier)";
				PRODUCT_NAME = Intonation;
				SWIFT_OPTIMIZATION_LEVEL = "-Owholemodule";
				SWIFT_VERSION = 4.2;
			};
			name = Release;
		};
		D89543801996345200A091A4 /* Debug */ = {
			isa = XCBuildConfiguration;
			buildSettings = {
				COMBINE_HIDPI_IMAGES = YES;
				FRAMEWORK_SEARCH_PATHS = (
					"$(DEVELOPER_FRAMEWORKS_DIR)",
					"$(inherited)",
				);
				GCC_PREPROCESSOR_DEFINITIONS = (
					"DEBUG=1",
					"$(inherited)",
				);
				INFOPLIST_FILE = "Equal TemperamentTests/Info.plist";
				LD_RUNPATH_SEARCH_PATHS = "$(inherited) @executable_path/../Frameworks @loader_path/../Frameworks";
				PRODUCT_BUNDLE_IDENTIFIER = "com.godofcocoa.$(PRODUCT_NAME:rfc1034identifier)";
				PRODUCT_NAME = Intonation;
				SWIFT_VERSION = 4.0;
			};
			name = Debug;
		};
		D89543811996345200A091A4 /* Release */ = {
			isa = XCBuildConfiguration;
			buildSettings = {
				COMBINE_HIDPI_IMAGES = YES;
				FRAMEWORK_SEARCH_PATHS = (
					"$(DEVELOPER_FRAMEWORKS_DIR)",
					"$(inherited)",
				);
				INFOPLIST_FILE = "Equal TemperamentTests/Info.plist";
				LD_RUNPATH_SEARCH_PATHS = "$(inherited) @executable_path/../Frameworks @loader_path/../Frameworks";
				PRODUCT_BUNDLE_IDENTIFIER = "com.godofcocoa.$(PRODUCT_NAME:rfc1034identifier)";
				PRODUCT_NAME = Intonation;
				SWIFT_OPTIMIZATION_LEVEL = "-Owholemodule";
				SWIFT_VERSION = 4.0;
			};
			name = Release;
		};
/* End XCBuildConfiguration section */

/* Begin XCConfigurationList section */
		D89543581996345200A091A4 /* Build configuration list for PBXProject "Intonation" */ = {
			isa = XCConfigurationList;
			buildConfigurations = (
				D895437A1996345200A091A4 /* Debug */,
				D895437B1996345200A091A4 /* Release */,
			);
			defaultConfigurationIsVisible = 0;
			defaultConfigurationName = Release;
		};
		D895437C1996345200A091A4 /* Build configuration list for PBXNativeTarget "Intonation" */ = {
			isa = XCConfigurationList;
			buildConfigurations = (
				D895437D1996345200A091A4 /* Debug */,
				D895437E1996345200A091A4 /* Release */,
			);
			defaultConfigurationIsVisible = 0;
			defaultConfigurationName = Release;
		};
		D895437F1996345200A091A4 /* Build configuration list for PBXNativeTarget "IntonationTests" */ = {
			isa = XCConfigurationList;
			buildConfigurations = (
				D89543801996345200A091A4 /* Debug */,
				D89543811996345200A091A4 /* Release */,
			);
			defaultConfigurationIsVisible = 0;
			defaultConfigurationName = Release;
		};
/* End XCConfigurationList section */
	};
	rootObject = D89543551996345200A091A4 /* Project object */;
}
